
Microsoft Visual Studio Solution File, Format Version 12.00
# Visual Studio Version 16
VisualStudioVersion = 16.0.29215.179
MinimumVisualStudioVersion = 10.0.40219.1
Project("{FAE04EC0-301F-11D3-BF4B-00C04F79EFBC}") = "ShoppingELF", "ShoppingELF\ShoppingELF.csproj", "{DEF6772D-5C34-4157-B9FD-69B8B9EBF3FD}"
EndProject
Global
	GlobalSection(SolutionConfigurationPlatforms) = preSolution
		Debug|Any CPU = Debug|Any CPU
		Release|Any CPU = Release|Any CPU
	EndGlobalSection
	GlobalSection(ProjectConfigurationPlatforms) = postSolution
		{DEF6772D-5C34-4157-B9FD-69B8B9EBF3FD}.Debug|Any CPU.ActiveCfg = Debug|Any CPU
		{DEF6772D-5C34-4157-B9FD-69B8B9EBF3FD}.Debug|Any CPU.Build.0 = Debug|Any CPU
		{DEF6772D-5C34-4157-B9FD-69B8B9EBF3FD}.Release|Any CPU.ActiveCfg = Release|Any CPU
		{DEF6772D-5C34-4157-B9FD-69B8B9EBF3FD}.Release|Any CPU.Build.0 = Release|Any CPU
	EndGlobalSection
	GlobalSection(SolutionProperties) = preSolution
		HideSolutionNode = FALSE
	EndGlobalSection
	GlobalSection(ExtensibilityGlobals) = postSolution
		SolutionGuid = {2D8ABE2D-128A-433A-9DB6-129606F56433}
	EndGlobalSection
EndGlobal
